
Microsoft Visual Studio Solution File, Format Version 12.00
# Visual Studio Version 17
VisualStudioVersion = 17.13.35931.197 d17.13
MinimumVisualStudioVersion = 10.0.40219.1
Project("{FAE04EC0-301F-11D3-BF4B-00C04F79EFBC}") = "Classes Tranning", "Classes Tranning\Classes Tranning.csproj", "{1C7F1533-C763-4C19-953D-2CECE53340A8}"
EndProject
Global
	GlobalSection(SolutionConfigurationPlatforms) = preSolution
		Debug|Any CPU = Debug|Any CPU
		Release|Any CPU = Release|Any CPU
	EndGlobalSection
	GlobalSection(ProjectConfigurationPlatforms) = postSolution
		{1C7F1533-C763-4C19-953D-2CECE53340A8}.Debug|Any CPU.ActiveCfg = Debug|Any CPU
		{1C7F1533-C763-4C19-953D-2CECE53340A8}.Debug|Any CPU.Build.0 = Debug|Any CPU
		{1C7F1533-C763-4C19-953D-2CECE53340A8}.Release|Any CPU.ActiveCfg = Release|Any CPU
		{1C7F1533-C763-4C19-953D-2CECE53340A8}.Release|Any CPU.Build.0 = Release|Any CPU
	EndGlobalSection
	GlobalSection(SolutionProperties) = preSolution
		HideSolutionNode = FALSE
	EndGlobalSection
	GlobalSection(ExtensibilityGlobals) = postSolution
		SolutionGuid = {BBC00F43-C46F-4D4B-92B0-CC014D8F4E07}
	EndGlobalSection
EndGlobal
