
Microsoft Visual Studio Solution File, Format Version 12.00
# Visual Studio Version 17
VisualStudioVersion = 17.13.35931.197 d17.13
MinimumVisualStudioVersion = 10.0.40219.1
Project("{FAE04EC0-301F-11D3-BF4B-00C04F79EFBC}") = "Employee Management System", "Employee Management System\Employee Management System.csproj", "{6D759340-29F8-4404-9422-167171C69FD0}"
EndProject
Global
	GlobalSection(SolutionConfigurationPlatforms) = preSolution
		Debug|Any CPU = Debug|Any CPU
		Release|Any CPU = Release|Any CPU
	EndGlobalSection
	GlobalSection(ProjectConfigurationPlatforms) = postSolution
		{6D759340-29F8-4404-9422-167171C69FD0}.Debug|Any CPU.ActiveCfg = Debug|Any CPU
		{6D759340-29F8-4404-9422-167171C69FD0}.Debug|Any CPU.Build.0 = Debug|Any CPU
		{6D759340-29F8-4404-9422-167171C69FD0}.Release|Any CPU.ActiveCfg = Release|Any CPU
		{6D759340-29F8-4404-9422-167171C69FD0}.Release|Any CPU.Build.0 = Release|Any CPU
	EndGlobalSection
	GlobalSection(SolutionProperties) = preSolution
		HideSolutionNode = FALSE
	EndGlobalSection
	GlobalSection(ExtensibilityGlobals) = postSolution
		SolutionGuid = {5695A772-1031-4E5E-8833-7A72571D8536}
	EndGlobalSection
EndGlobal
