
Microsoft Visual Studio Solution File, Format Version 12.00
# Visual Studio Version 17
VisualStudioVersion = 17.14.36221.1 d17.14
MinimumVisualStudioVersion = 10.0.40219.1
Project("{FAE04EC0-301F-11D3-BF4B-00C04F79EFBC}") = "File System Command Line", "File System Command Line.csproj", "{157E5E26-8177-4FA9-9C53-B619BF4C605B}"
EndProject
Global
	GlobalSection(SolutionConfigurationPlatforms) = preSolution
		Debug|Any CPU = Debug|Any CPU
		Release|Any CPU = Release|Any CPU
	EndGlobalSection
	GlobalSection(ProjectConfigurationPlatforms) = postSolution
		{157E5E26-8177-4FA9-9C53-B619BF4C605B}.Debug|Any CPU.ActiveCfg = Debug|Any CPU
		{157E5E26-8177-4FA9-9C53-B619BF4C605B}.Debug|Any CPU.Build.0 = Debug|Any CPU
		{157E5E26-8177-4FA9-9C53-B619BF4C605B}.Release|Any CPU.ActiveCfg = Release|Any CPU
		{157E5E26-8177-4FA9-9C53-B619BF4C605B}.Release|Any CPU.Build.0 = Release|Any CPU
	EndGlobalSection
	GlobalSection(SolutionProperties) = preSolution
		HideSolutionNode = FALSE
	EndGlobalSection
	GlobalSection(ExtensibilityGlobals) = postSolution
		SolutionGuid = {2FE1D527-F5D6-4DCC-9181-7F6319AD7387}
	EndGlobalSection
EndGlobal
