
Microsoft Visual Studio Solution File, Format Version 12.00
# Visual Studio Version 17
VisualStudioVersion = 17.14.36109.1 d17.14
MinimumVisualStudioVersion = 10.0.40219.1
Project("{FAE04EC0-301F-11D3-BF4B-00C04F79EFBC}") = "Alarm Event", "Alarm Event.csproj", "{E8996D2E-9C13-4239-8750-FDF52F733A92}"
EndProject
Global
	GlobalSection(SolutionConfigurationPlatforms) = preSolution
		Debug|Any CPU = Debug|Any CPU
		Release|Any CPU = Release|Any CPU
	EndGlobalSection
	GlobalSection(ProjectConfigurationPlatforms) = postSolution
		{E8996D2E-9C13-4239-8750-FDF52F733A92}.Debug|Any CPU.ActiveCfg = Debug|Any CPU
		{E8996D2E-9C13-4239-8750-FDF52F733A92}.Debug|Any CPU.Build.0 = Debug|Any CPU
		{E8996D2E-9C13-4239-8750-FDF52F733A92}.Release|Any CPU.ActiveCfg = Release|Any CPU
		{E8996D2E-9C13-4239-8750-FDF52F733A92}.Release|Any CPU.Build.0 = Release|Any CPU
	EndGlobalSection
	GlobalSection(SolutionProperties) = preSolution
		HideSolutionNode = FALSE
	EndGlobalSection
	GlobalSection(ExtensibilityGlobals) = postSolution
		SolutionGuid = {7CC34076-36D9-4FD6-BA38-9B0DF7B3B611}
	EndGlobalSection
EndGlobal
