
Microsoft Visual Studio Solution File, Format Version 12.00
# Visual Studio Version 17
VisualStudioVersion = 17.13.35931.197 d17.13
MinimumVisualStudioVersion = 10.0.40219.1
Project("{FAE04EC0-301F-11D3-BF4B-00C04F79EFBC}") = "Even or Odd Checker", "Even or Odd Checker\Even or Odd Checker.csproj", "{A62BCE39-1C59-44D5-9366-733430F50A8A}"
EndProject
Global
	GlobalSection(SolutionConfigurationPlatforms) = preSolution
		Debug|Any CPU = Debug|Any CPU
		Release|Any CPU = Release|Any CPU
	EndGlobalSection
	GlobalSection(ProjectConfigurationPlatforms) = postSolution
		{A62BCE39-1C59-44D5-9366-733430F50A8A}.Debug|Any CPU.ActiveCfg = Debug|Any CPU
		{A62BCE39-1C59-44D5-9366-733430F50A8A}.Debug|Any CPU.Build.0 = Debug|Any CPU
		{A62BCE39-1C59-44D5-9366-733430F50A8A}.Release|Any CPU.ActiveCfg = Release|Any CPU
		{A62BCE39-1C59-44D5-9366-733430F50A8A}.Release|Any CPU.Build.0 = Release|Any CPU
	EndGlobalSection
	GlobalSection(SolutionProperties) = preSolution
		HideSolutionNode = FALSE
	EndGlobalSection
	GlobalSection(ExtensibilityGlobals) = postSolution
		SolutionGuid = {D1919677-4E23-48E8-8771-A433D758D445}
	EndGlobalSection
EndGlobal
