
Microsoft Visual Studio Solution File, Format Version 12.00
# Visual Studio Version 17
VisualStudioVersion = 17.14.36310.24 d17.14
MinimumVisualStudioVersion = 10.0.40219.1
Project("{FAE04EC0-301F-11D3-BF4B-00C04F79EFBC}") = "Mini Store System", "Mini Store System.csproj", "{4447AAE5-BA57-457A-83C1-476016F87487}"
EndProject
Global
	GlobalSection(SolutionConfigurationPlatforms) = preSolution
		Debug|Any CPU = Debug|Any CPU
		Release|Any CPU = Release|Any CPU
	EndGlobalSection
	GlobalSection(ProjectConfigurationPlatforms) = postSolution
		{4447AAE5-BA57-457A-83C1-476016F87487}.Debug|Any CPU.ActiveCfg = Debug|Any CPU
		{4447AAE5-BA57-457A-83C1-476016F87487}.Debug|Any CPU.Build.0 = Debug|Any CPU
		{4447AAE5-BA57-457A-83C1-476016F87487}.Release|Any CPU.ActiveCfg = Release|Any CPU
		{4447AAE5-BA57-457A-83C1-476016F87487}.Release|Any CPU.Build.0 = Release|Any CPU
	EndGlobalSection
	GlobalSection(SolutionProperties) = preSolution
		HideSolutionNode = FALSE
	EndGlobalSection
	GlobalSection(ExtensibilityGlobals) = postSolution
		SolutionGuid = {1213107C-EF12-4A23-AD44-736C368DF542}
	EndGlobalSection
EndGlobal
